// !$*UTF8*$!
{
	archiveVersion = 1;
	classes = {
	};
	objectVersion = 55;
	objects = {

/* Begin PBXBuildFile section */
		3D85E74B943C5C2232961D6D /* Pods_ChuckNorrisApp_ChuckNorrisAppUITests.framework in Frameworks */ = {isa = PBXBuildFile; fileRef = FBA9E96F127936210E86AD8D /* Pods_ChuckNorrisApp_ChuckNorrisAppUITests.framework */; };
		5ABFEE7A284575DF0041AEC7 /* RandomModel.swift in Sources */ = {isa = PBXBuildFile; fileRef = 5ABFEE79284575DF0041AEC7 /* RandomModel.swift */; };
		5F0098E6968066271C9FF727 /* Pods_ChuckNorrisAppTests.framework in Frameworks */ = {isa = PBXBuildFile; fileRef = 0B458E8854E275E956C6AB77 /* Pods_ChuckNorrisAppTests.framework */; };
		8173DC34589C519E5730FFBB /* Pods_ChuckNorrisApp.framework in Frameworks */ = {isa = PBXBuildFile; fileRef = 0358E88DFD47CD98C506869E /* Pods_ChuckNorrisApp.framework */; };
		9873178A2835827E004BD042 /* ChuckNorrisAppApp.swift in Sources */ = {isa = PBXBuildFile; fileRef = 987317892835827E004BD042 /* ChuckNorrisAppApp.swift */; };
		9873178C2835827E004BD042 /* ContentView.swift in Sources */ = {isa = PBXBuildFile; fileRef = 9873178B2835827E004BD042 /* ContentView.swift */; };
		9873178E2835827F004BD042 /* Assets.xcassets in Resources */ = {isa = PBXBuildFile; fileRef = 9873178D2835827F004BD042 /* Assets.xcassets */; };
		987317912835827F004BD042 /* Preview Assets.xcassets in Resources */ = {isa = PBXBuildFile; fileRef = 987317902835827F004BD042 /* Preview Assets.xcassets */; };
		9873179B28358280004BD042 /* ChuckNorrisAppTests.swift in Sources */ = {isa = PBXBuildFile; fileRef = 9873179A28358280004BD042 /* ChuckNorrisAppTests.swift */; };
		987317A528358280004BD042 /* ChuckNorrisAppUITests.swift in Sources */ = {isa = PBXBuildFile; fileRef = 987317A428358280004BD042 /* ChuckNorrisAppUITests.swift */; };
		987317A728358280004BD042 /* ChuckNorrisAppUITestsLaunchTests.swift in Sources */ = {isa = PBXBuildFile; fileRef = 987317A628358280004BD042 /* ChuckNorrisAppUITestsLaunchTests.swift */; };
		987317B728358493004BD042 /* SearchView.swift in Sources */ = {isa = PBXBuildFile; fileRef = 987317B628358493004BD042 /* SearchView.swift */; };
		987317B92835849E004BD042 /* RandomFactView.swift in Sources */ = {isa = PBXBuildFile; fileRef = 987317B82835849E004BD042 /* RandomFactView.swift */; };
		98C9EEFC2835906100FF9BC9 /* CategoriesView.swift in Sources */ = {isa = PBXBuildFile; fileRef = 98C9EEFB2835906100FF9BC9 /* CategoriesView.swift */; };
		98C9EF00283596D800FF9BC9 /* SettingsView.swift in Sources */ = {isa = PBXBuildFile; fileRef = 98C9EEFF283596D800FF9BC9 /* SettingsView.swift */; };
		B1602067283C71D200507ACD /* ChuckNorrisApi.swift in Sources */ = {isa = PBXBuildFile; fileRef = B1602066283C71D200507ACD /* ChuckNorrisApi.swift */; };
		B1EDD070283D840A008463E9 /* SearchJokesModel.swift in Sources */ = {isa = PBXBuildFile; fileRef = B1EDD06F283D840A008463E9 /* SearchJokesModel.swift */; };
		B1EDD073283D85A0008463E9 /* ApiService.swift in Sources */ = {isa = PBXBuildFile; fileRef = B1EDD072283D85A0008463E9 /* ApiService.swift */; };
/* End PBXBuildFile section */

/* Begin PBXContainerItemProxy section */
		9873179728358280004BD042 /* PBXContainerItemProxy */ = {
			isa = PBXContainerItemProxy;
			containerPortal = 9873177E2835827D004BD042 /* Project object */;
			proxyType = 1;
			remoteGlobalIDString = 987317852835827D004BD042;
			remoteInfo = ChuckNorrisApp;
		};
		987317A128358280004BD042 /* PBXContainerItemProxy */ = {
			isa = PBXContainerItemProxy;
			containerPortal = 9873177E2835827D004BD042 /* Project object */;
			proxyType = 1;
			remoteGlobalIDString = 987317852835827D004BD042;
			remoteInfo = ChuckNorrisApp;
		};
/* End PBXContainerItemProxy section */

/* Begin PBXFileReference section */
		0358E88DFD47CD98C506869E /* Pods_ChuckNorrisApp.framework */ = {isa = PBXFileReference; explicitFileType = wrapper.framework; includeInIndex = 0; path = Pods_ChuckNorrisApp.framework; sourceTree = BUILT_PRODUCTS_DIR; };
		0B458E8854E275E956C6AB77 /* Pods_ChuckNorrisAppTests.framework */ = {isa = PBXFileReference; explicitFileType = wrapper.framework; includeInIndex = 0; path = Pods_ChuckNorrisAppTests.framework; sourceTree = BUILT_PRODUCTS_DIR; };
		159303796CB63228E35E0288 /* Pods-ChuckNorrisApp.debug.xcconfig */ = {isa = PBXFileReference; includeInIndex = 1; lastKnownFileType = text.xcconfig; name = "Pods-ChuckNorrisApp.debug.xcconfig"; path = "Target Support Files/Pods-ChuckNorrisApp/Pods-ChuckNorrisApp.debug.xcconfig"; sourceTree = "<group>"; };
		4DEF8DA1855459974E2BE670 /* Pods-ChuckNorrisApp-ChuckNorrisAppUITests.debug.xcconfig */ = {isa = PBXFileReference; includeInIndex = 1; lastKnownFileType = text.xcconfig; name = "Pods-ChuckNorrisApp-ChuckNorrisAppUITests.debug.xcconfig"; path = "Target Support Files/Pods-ChuckNorrisApp-ChuckNorrisAppUITests/Pods-ChuckNorrisApp-ChuckNorrisAppUITests.debug.xcconfig"; sourceTree = "<group>"; };
		5ABFEE79284575DF0041AEC7 /* RandomModel.swift */ = {isa = PBXFileReference; lastKnownFileType = sourcecode.swift; path = RandomModel.swift; sourceTree = "<group>"; };
		96BDC4E5CE27D63F98076A44 /* Pods-ChuckNorrisAppTests.debug.xcconfig */ = {isa = PBXFileReference; includeInIndex = 1; lastKnownFileType = text.xcconfig; name = "Pods-ChuckNorrisAppTests.debug.xcconfig"; path = "Target Support Files/Pods-ChuckNorrisAppTests/Pods-ChuckNorrisAppTests.debug.xcconfig"; sourceTree = "<group>"; };
		987317862835827D004BD042 /* ChuckNorrisApp.app */ = {isa = PBXFileReference; explicitFileType = wrapper.application; includeInIndex = 0; path = ChuckNorrisApp.app; sourceTree = BUILT_PRODUCTS_DIR; };
		987317892835827E004BD042 /* ChuckNorrisAppApp.swift */ = {isa = PBXFileReference; lastKnownFileType = sourcecode.swift; path = ChuckNorrisAppApp.swift; sourceTree = "<group>"; };
		9873178B2835827E004BD042 /* ContentView.swift */ = {isa = PBXFileReference; lastKnownFileType = sourcecode.swift; path = ContentView.swift; sourceTree = "<group>"; };
		9873178D2835827F004BD042 /* Assets.xcassets */ = {isa = PBXFileReference; lastKnownFileType = folder.assetcatalog; path = Assets.xcassets; sourceTree = "<group>"; };
		987317902835827F004BD042 /* Preview Assets.xcassets */ = {isa = PBXFileReference; lastKnownFileType = folder.assetcatalog; path = "Preview Assets.xcassets"; sourceTree = "<group>"; };
		9873179628358280004BD042 /* ChuckNorrisAppTests.xctest */ = {isa = PBXFileReference; explicitFileType = wrapper.cfbundle; includeInIndex = 0; path = ChuckNorrisAppTests.xctest; sourceTree = BUILT_PRODUCTS_DIR; };
		9873179A28358280004BD042 /* ChuckNorrisAppTests.swift */ = {isa = PBXFileReference; lastKnownFileType = sourcecode.swift; path = ChuckNorrisAppTests.swift; sourceTree = "<group>"; };
		987317A028358280004BD042 /* ChuckNorrisAppUITests.xctest */ = {isa = PBXFileReference; explicitFileType = wrapper.cfbundle; includeInIndex = 0; path = ChuckNorrisAppUITests.xctest; sourceTree = BUILT_PRODUCTS_DIR; };
		987317A428358280004BD042 /* ChuckNorrisAppUITests.swift */ = {isa = PBXFileReference; lastKnownFileType = sourcecode.swift; path = ChuckNorrisAppUITests.swift; sourceTree = "<group>"; };
		987317A628358280004BD042 /* ChuckNorrisAppUITestsLaunchTests.swift */ = {isa = PBXFileReference; lastKnownFileType = sourcecode.swift; path = ChuckNorrisAppUITestsLaunchTests.swift; sourceTree = "<group>"; };
		987317B628358493004BD042 /* SearchView.swift */ = {isa = PBXFileReference; lastKnownFileType = sourcecode.swift; path = SearchView.swift; sourceTree = "<group>"; };
		987317B82835849E004BD042 /* RandomFactView.swift */ = {isa = PBXFileReference; lastKnownFileType = sourcecode.swift; path = RandomFactView.swift; sourceTree = "<group>"; };
		98C9EEFB2835906100FF9BC9 /* CategoriesView.swift */ = {isa = PBXFileReference; lastKnownFileType = sourcecode.swift; path = CategoriesView.swift; sourceTree = "<group>"; };
		98C9EEFF283596D800FF9BC9 /* SettingsView.swift */ = {isa = PBXFileReference; lastKnownFileType = sourcecode.swift; path = SettingsView.swift; sourceTree = "<group>"; };
		B1602066283C71D200507ACD /* ChuckNorrisApi.swift */ = {isa = PBXFileReference; lastKnownFileType = sourcecode.swift; path = ChuckNorrisApi.swift; sourceTree = "<group>"; };
		B18FEDF2B271B1F8AE4D25B8 /* Pods-ChuckNorrisApp-ChuckNorrisAppUITests.release.xcconfig */ = {isa = PBXFileReference; includeInIndex = 1; lastKnownFileType = text.xcconfig; name = "Pods-ChuckNorrisApp-ChuckNorrisAppUITests.release.xcconfig"; path = "Target Support Files/Pods-ChuckNorrisApp-ChuckNorrisAppUITests/Pods-ChuckNorrisApp-ChuckNorrisAppUITests.release.xcconfig"; sourceTree = "<group>"; };
		B1EDD06F283D840A008463E9 /* SearchJokesModel.swift */ = {isa = PBXFileReference; lastKnownFileType = sourcecode.swift; path = SearchJokesModel.swift; sourceTree = "<group>"; };
		B1EDD072283D85A0008463E9 /* ApiService.swift */ = {isa = PBXFileReference; lastKnownFileType = sourcecode.swift; path = ApiService.swift; sourceTree = "<group>"; };
		D893D083FA82992119D9F7CE /* Pods-ChuckNorrisAppTests.release.xcconfig */ = {isa = PBXFileReference; includeInIndex = 1; lastKnownFileType = text.xcconfig; name = "Pods-ChuckNorrisAppTests.release.xcconfig"; path = "Target Support Files/Pods-ChuckNorrisAppTests/Pods-ChuckNorrisAppTests.release.xcconfig"; sourceTree = "<group>"; };
		FBA9E96F127936210E86AD8D /* Pods_ChuckNorrisApp_ChuckNorrisAppUITests.framework */ = {isa = PBXFileReference; explicitFileType = wrapper.framework; includeInIndex = 0; path = Pods_ChuckNorrisApp_ChuckNorrisAppUITests.framework; sourceTree = BUILT_PRODUCTS_DIR; };
		FFD3FE993E98CEDEAD7F0969 /* Pods-ChuckNorrisApp.release.xcconfig */ = {isa = PBXFileReference; includeInIndex = 1; lastKnownFileType = text.xcconfig; name = "Pods-ChuckNorrisApp.release.xcconfig"; path = "Target Support Files/Pods-ChuckNorrisApp/Pods-ChuckNorrisApp.release.xcconfig"; sourceTree = "<group>"; };
/* End PBXFileReference section */

/* Begin PBXFrameworksBuildPhase section */
		987317832835827D004BD042 /* Frameworks */ = {
			isa = PBXFrameworksBuildPhase;
			buildActionMask = 2147483647;
			files = (
				8173DC34589C519E5730FFBB /* Pods_ChuckNorrisApp.framework in Frameworks */,
			);
			runOnlyForDeploymentPostprocessing = 0;
		};
		9873179328358280004BD042 /* Frameworks */ = {
			isa = PBXFrameworksBuildPhase;
			buildActionMask = 2147483647;
			files = (
				5F0098E6968066271C9FF727 /* Pods_ChuckNorrisAppTests.framework in Frameworks */,
			);
			runOnlyForDeploymentPostprocessing = 0;
		};
		9873179D28358280004BD042 /* Frameworks */ = {
			isa = PBXFrameworksBuildPhase;
			buildActionMask = 2147483647;
			files = (
				3D85E74B943C5C2232961D6D /* Pods_ChuckNorrisApp_ChuckNorrisAppUITests.framework in Frameworks */,
			);
			runOnlyForDeploymentPostprocessing = 0;
		};
/* End PBXFrameworksBuildPhase section */

/* Begin PBXGroup section */
		3F1616B73457017B7E5AD019 /* Frameworks */ = {
			isa = PBXGroup;
			children = (
				0358E88DFD47CD98C506869E /* Pods_ChuckNorrisApp.framework */,
				FBA9E96F127936210E86AD8D /* Pods_ChuckNorrisApp_ChuckNorrisAppUITests.framework */,
				0B458E8854E275E956C6AB77 /* Pods_ChuckNorrisAppTests.framework */,
			);
			name = Frameworks;
			sourceTree = "<group>";
		};
		4C84F7F64895160907150CF7 /* Pods */ = {
			isa = PBXGroup;
			children = (
				159303796CB63228E35E0288 /* Pods-ChuckNorrisApp.debug.xcconfig */,
				FFD3FE993E98CEDEAD7F0969 /* Pods-ChuckNorrisApp.release.xcconfig */,
				4DEF8DA1855459974E2BE670 /* Pods-ChuckNorrisApp-ChuckNorrisAppUITests.debug.xcconfig */,
				B18FEDF2B271B1F8AE4D25B8 /* Pods-ChuckNorrisApp-ChuckNorrisAppUITests.release.xcconfig */,
				96BDC4E5CE27D63F98076A44 /* Pods-ChuckNorrisAppTests.debug.xcconfig */,
				D893D083FA82992119D9F7CE /* Pods-ChuckNorrisAppTests.release.xcconfig */,
			);
			path = Pods;
			sourceTree = "<group>";
		};
		9873177D2835827D004BD042 = {
			isa = PBXGroup;
			children = (
				987317882835827D004BD042 /* ChuckNorrisApp */,
				9873179928358280004BD042 /* ChuckNorrisAppTests */,
				987317A328358280004BD042 /* ChuckNorrisAppUITests */,
				987317872835827D004BD042 /* Products */,
				4C84F7F64895160907150CF7 /* Pods */,
				3F1616B73457017B7E5AD019 /* Frameworks */,
			);
			sourceTree = "<group>";
		};
		987317872835827D004BD042 /* Products */ = {
			isa = PBXGroup;
			children = (
				987317862835827D004BD042 /* ChuckNorrisApp.app */,
				9873179628358280004BD042 /* ChuckNorrisAppTests.xctest */,
				987317A028358280004BD042 /* ChuckNorrisAppUITests.xctest */,
			);
			name = Products;
			sourceTree = "<group>";
		};
		987317882835827D004BD042 /* ChuckNorrisApp */ = {
			isa = PBXGroup;
			children = (
				987317BA28358548004BD042 /* App */,
				98C9EEFD2835933B00FF9BC9 /* Resources */,
				987317B3283582F7004BD042 /* Screens */,
				B1602065283C6FDF00507ACD /* Networking */,
				9873178F2835827F004BD042 /* Preview Content */,
			);
			path = ChuckNorrisApp;
			sourceTree = "<group>";
		};
		9873178F2835827F004BD042 /* Preview Content */ = {
			isa = PBXGroup;
			children = (
				987317902835827F004BD042 /* Preview Assets.xcassets */,
			);
			path = "Preview Content";
			sourceTree = "<group>";
		};
		9873179928358280004BD042 /* ChuckNorrisAppTests */ = {
			isa = PBXGroup;
			children = (
				9873179A28358280004BD042 /* ChuckNorrisAppTests.swift */,
			);
			path = ChuckNorrisAppTests;
			sourceTree = "<group>";
		};
		987317A328358280004BD042 /* ChuckNorrisAppUITests */ = {
			isa = PBXGroup;
			children = (
				987317A428358280004BD042 /* ChuckNorrisAppUITests.swift */,
				987317A628358280004BD042 /* ChuckNorrisAppUITestsLaunchTests.swift */,
			);
			path = ChuckNorrisAppUITests;
			sourceTree = "<group>";
		};
		987317B3283582F7004BD042 /* Screens */ = {
			isa = PBXGroup;
			children = (
				9873178B2835827E004BD042 /* ContentView.swift */,
				987317B42835845F004BD042 /* Search */,
				987317B52835846E004BD042 /* RandomFact */,
				98C9EEFA2835904C00FF9BC9 /* Categories */,
				98C9EF01283596DC00FF9BC9 /* Settings */,
			);
			path = Screens;
			sourceTree = "<group>";
		};
		987317B42835845F004BD042 /* Search */ = {
			isa = PBXGroup;
			children = (
				987317B628358493004BD042 /* SearchView.swift */,
			);
			path = Search;
			sourceTree = "<group>";
		};
		987317B52835846E004BD042 /* RandomFact */ = {
			isa = PBXGroup;
			children = (
				987317B82835849E004BD042 /* RandomFactView.swift */,
			);
			path = RandomFact;
			sourceTree = "<group>";
		};
		987317BA28358548004BD042 /* App */ = {
			isa = PBXGroup;
			children = (
				987317892835827E004BD042 /* ChuckNorrisAppApp.swift */,
			);
			path = App;
			sourceTree = "<group>";
		};
		98C9EEFA2835904C00FF9BC9 /* Categories */ = {
			isa = PBXGroup;
			children = (
				98C9EEFB2835906100FF9BC9 /* CategoriesView.swift */,
			);
			path = Categories;
			sourceTree = "<group>";
		};
		98C9EEFD2835933B00FF9BC9 /* Resources */ = {
			isa = PBXGroup;
			children = (
				9873178D2835827F004BD042 /* Assets.xcassets */,
			);
			path = Resources;
			sourceTree = "<group>";
		};
		98C9EF01283596DC00FF9BC9 /* Settings */ = {
			isa = PBXGroup;
			children = (
				98C9EEFF283596D800FF9BC9 /* SettingsView.swift */,
			);
			path = Settings;
			sourceTree = "<group>";
		};
		B1602065283C6FDF00507ACD /* Networking */ = {
			isa = PBXGroup;
			children = (
				B1EDD071283D8543008463E9 /* Service */,
				B1EDD06E283D83CC008463E9 /* Models */,
				B1EDD06D283D82E3008463E9 /* EndPoints */,
			);
			path = Networking;
			sourceTree = "<group>";
		};
		B1EDD06D283D82E3008463E9 /* EndPoints */ = {
			isa = PBXGroup;
			children = (
				B1602066283C71D200507ACD /* ChuckNorrisApi.swift */,
			);
			path = EndPoints;
			sourceTree = "<group>";
		};
		B1EDD06E283D83CC008463E9 /* Models */ = {
			isa = PBXGroup;
			children = (
				B1EDD06F283D840A008463E9 /* SearchJokesModel.swift */,
				5ABFEE79284575DF0041AEC7 /* RandomModel.swift */,
			);
			path = Models;
			sourceTree = "<group>";
		};
		B1EDD071283D8543008463E9 /* Service */ = {
			isa = PBXGroup;
			children = (
				B1EDD072283D85A0008463E9 /* ApiService.swift */,
			);
			path = Service;
			sourceTree = "<group>";
		};
/* End PBXGroup section */

/* Begin PBXNativeTarget section */
		987317852835827D004BD042 /* ChuckNorrisApp */ = {
			isa = PBXNativeTarget;
			buildConfigurationList = 987317AA28358280004BD042 /* Build configuration list for PBXNativeTarget "ChuckNorrisApp" */;
			buildPhases = (
				CB34DE0A6C9D2C20240D44D3 /* [CP] Check Pods Manifest.lock */,
				987317822835827D004BD042 /* Sources */,
				987317832835827D004BD042 /* Frameworks */,
				987317842835827D004BD042 /* Resources */,
				475E46E44186004CEF471117 /* [CP] Embed Pods Frameworks */,
			);
			buildRules = (
			);
			dependencies = (
			);
			name = ChuckNorrisApp;
			productName = ChuckNorrisApp;
			productReference = 987317862835827D004BD042 /* ChuckNorrisApp.app */;
			productType = "com.apple.product-type.application";
		};
		9873179528358280004BD042 /* ChuckNorrisAppTests */ = {
			isa = PBXNativeTarget;
			buildConfigurationList = 987317AD28358280004BD042 /* Build configuration list for PBXNativeTarget "ChuckNorrisAppTests" */;
			buildPhases = (
				C0D98B303C14B881D92EEAAB /* [CP] Check Pods Manifest.lock */,
				9873179228358280004BD042 /* Sources */,
				9873179328358280004BD042 /* Frameworks */,
				9873179428358280004BD042 /* Resources */,
			);
			buildRules = (
			);
			dependencies = (
				9873179828358280004BD042 /* PBXTargetDependency */,
			);
			name = ChuckNorrisAppTests;
			productName = ChuckNorrisAppTests;
			productReference = 9873179628358280004BD042 /* ChuckNorrisAppTests.xctest */;
			productType = "com.apple.product-type.bundle.unit-test";
		};
		9873179F28358280004BD042 /* ChuckNorrisAppUITests */ = {
			isa = PBXNativeTarget;
			buildConfigurationList = 987317B028358280004BD042 /* Build configuration list for PBXNativeTarget "ChuckNorrisAppUITests" */;
			buildPhases = (
				07BB5489E4561504BA6F4B88 /* [CP] Check Pods Manifest.lock */,
				9873179C28358280004BD042 /* Sources */,
				9873179D28358280004BD042 /* Frameworks */,
				9873179E28358280004BD042 /* Resources */,
				6FA67D292C7756F17938A049 /* [CP] Embed Pods Frameworks */,
			);
			buildRules = (
			);
			dependencies = (
				987317A228358280004BD042 /* PBXTargetDependency */,
			);
			name = ChuckNorrisAppUITests;
			productName = ChuckNorrisAppUITests;
			productReference = 987317A028358280004BD042 /* ChuckNorrisAppUITests.xctest */;
			productType = "com.apple.product-type.bundle.ui-testing";
		};
/* End PBXNativeTarget section */

/* Begin PBXProject section */
		9873177E2835827D004BD042 /* Project object */ = {
			isa = PBXProject;
			attributes = {
				BuildIndependentTargetsInParallel = 1;
				LastSwiftUpdateCheck = 1340;
				LastUpgradeCheck = 1340;
				TargetAttributes = {
					987317852835827D004BD042 = {
						CreatedOnToolsVersion = 13.4;
					};
					9873179528358280004BD042 = {
						CreatedOnToolsVersion = 13.4;
						TestTargetID = 987317852835827D004BD042;
					};
					9873179F28358280004BD042 = {
						CreatedOnToolsVersion = 13.4;
						TestTargetID = 987317852835827D004BD042;
					};
				};
			};
			buildConfigurationList = 987317812835827D004BD042 /* Build configuration list for PBXProject "ChuckNorrisApp" */;
			compatibilityVersion = "Xcode 13.0";
			developmentRegion = en;
			hasScannedForEncodings = 0;
			knownRegions = (
				en,
				Base,
			);
			mainGroup = 9873177D2835827D004BD042;
			productRefGroup = 987317872835827D004BD042 /* Products */;
			projectDirPath = "";
			projectRoot = "";
			targets = (
				987317852835827D004BD042 /* ChuckNorrisApp */,
				9873179528358280004BD042 /* ChuckNorrisAppTests */,
				9873179F28358280004BD042 /* ChuckNorrisAppUITests */,
			);
		};
/* End PBXProject section */

/* Begin PBXResourcesBuildPhase section */
		987317842835827D004BD042 /* Resources */ = {
			isa = PBXResourcesBuildPhase;
			buildActionMask = 2147483647;
			files = (
				987317912835827F004BD042 /* Preview Assets.xcassets in Resources */,
				9873178E2835827F004BD042 /* Assets.xcassets in Resources */,
			);
			runOnlyForDeploymentPostprocessing = 0;
		};
		9873179428358280004BD042 /* Resources */ = {
			isa = PBXResourcesBuildPhase;
			buildActionMask = 2147483647;
			files = (
			);
			runOnlyForDeploymentPostprocessing = 0;
		};
		9873179E28358280004BD042 /* Resources */ = {
			isa = PBXResourcesBuildPhase;
			buildActionMask = 2147483647;
			files = (
			);
			runOnlyForDeploymentPostprocessing = 0;
		};
/* End PBXResourcesBuildPhase section */

/* Begin PBXShellScriptBuildPhase section */
		07BB5489E4561504BA6F4B88 /* [CP] Check Pods Manifest.lock */ = {
			isa = PBXShellScriptBuildPhase;
			buildActionMask = 2147483647;
			files = (
			);
			inputFileListPaths = (
			);
			inputPaths = (
				"${PODS_PODFILE_DIR_PATH}/Podfile.lock",
				"${PODS_ROOT}/Manifest.lock",
			);
			name = "[CP] Check Pods Manifest.lock";
			outputFileListPaths = (
			);
			outputPaths = (
				"$(DERIVED_FILE_DIR)/Pods-ChuckNorrisApp-ChuckNorrisAppUITests-checkManifestLockResult.txt",
			);
			runOnlyForDeploymentPostprocessing = 0;
			shellPath = /bin/sh;
			shellScript = "diff \"${PODS_PODFILE_DIR_PATH}/Podfile.lock\" \"${PODS_ROOT}/Manifest.lock\" > /dev/null\nif [ $? != 0 ] ; then\n    # print error to STDERR\n    echo \"error: The sandbox is not in sync with the Podfile.lock. Run 'pod install' or update your CocoaPods installation.\" >&2\n    exit 1\nfi\n# This output is used by Xcode 'outputs' to avoid re-running this script phase.\necho \"SUCCESS\" > \"${SCRIPT_OUTPUT_FILE_0}\"\n";
			showEnvVarsInLog = 0;
		};
		475E46E44186004CEF471117 /* [CP] Embed Pods Frameworks */ = {
			isa = PBXShellScriptBuildPhase;
			buildActionMask = 2147483647;
			files = (
			);
			inputFileListPaths = (
				"${PODS_ROOT}/Target Support Files/Pods-ChuckNorrisApp/Pods-ChuckNorrisApp-frameworks-${CONFIGURATION}-input-files.xcfilelist",
			);
			name = "[CP] Embed Pods Frameworks";
			outputFileListPaths = (
				"${PODS_ROOT}/Target Support Files/Pods-ChuckNorrisApp/Pods-ChuckNorrisApp-frameworks-${CONFIGURATION}-output-files.xcfilelist",
			);
			runOnlyForDeploymentPostprocessing = 0;
			shellPath = /bin/sh;
			shellScript = "\"${PODS_ROOT}/Target Support Files/Pods-ChuckNorrisApp/Pods-ChuckNorrisApp-frameworks.sh\"\n";
			showEnvVarsInLog = 0;
		};
		6FA67D292C7756F17938A049 /* [CP] Embed Pods Frameworks */ = {
			isa = PBXShellScriptBuildPhase;
			buildActionMask = 2147483647;
			files = (
			);
			inputFileListPaths = (
				"${PODS_ROOT}/Target Support Files/Pods-ChuckNorrisApp-ChuckNorrisAppUITests/Pods-ChuckNorrisApp-ChuckNorrisAppUITests-frameworks-${CONFIGURATION}-input-files.xcfilelist",
			);
			name = "[CP] Embed Pods Frameworks";
			outputFileListPaths = (
				"${PODS_ROOT}/Target Support Files/Pods-ChuckNorrisApp-ChuckNorrisAppUITests/Pods-ChuckNorrisApp-ChuckNorrisAppUITests-frameworks-${CONFIGURATION}-output-files.xcfilelist",
			);
			runOnlyForDeploymentPostprocessing = 0;
			shellPath = /bin/sh;
			shellScript = "\"${PODS_ROOT}/Target Support Files/Pods-ChuckNorrisApp-ChuckNorrisAppUITests/Pods-ChuckNorrisApp-ChuckNorrisAppUITests-frameworks.sh\"\n";
			showEnvVarsInLog = 0;
		};
		C0D98B303C14B881D92EEAAB /* [CP] Check Pods Manifest.lock */ = {
			isa = PBXShellScriptBuildPhase;
			buildActionMask = 2147483647;
			files = (
			);
			inputFileListPaths = (
			);
			inputPaths = (
				"${PODS_PODFILE_DIR_PATH}/Podfile.lock",
				"${PODS_ROOT}/Manifest.lock",
			);
			name = "[CP] Check Pods Manifest.lock";
			outputFileListPaths = (
			);
			outputPaths = (
				"$(DERIVED_FILE_DIR)/Pods-ChuckNorrisAppTests-checkManifestLockResult.txt",
			);
			runOnlyForDeploymentPostprocessing = 0;
			shellPath = /bin/sh;
			shellScript = "diff \"${PODS_PODFILE_DIR_PATH}/Podfile.lock\" \"${PODS_ROOT}/Manifest.lock\" > /dev/null\nif [ $? != 0 ] ; then\n    # print error to STDERR\n    echo \"error: The sandbox is not in sync with the Podfile.lock. Run 'pod install' or update your CocoaPods installation.\" >&2\n    exit 1\nfi\n# This output is used by Xcode 'outputs' to avoid re-running this script phase.\necho \"SUCCESS\" > \"${SCRIPT_OUTPUT_FILE_0}\"\n";
			showEnvVarsInLog = 0;
		};
		CB34DE0A6C9D2C20240D44D3 /* [CP] Check Pods Manifest.lock */ = {
			isa = PBXShellScriptBuildPhase;
			buildActionMask = 2147483647;
			files = (
			);
			inputFileListPaths = (
			);
			inputPaths = (
				"${PODS_PODFILE_DIR_PATH}/Podfile.lock",
				"${PODS_ROOT}/Manifest.lock",
			);
			name = "[CP] Check Pods Manifest.lock";
			outputFileListPaths = (
			);
			outputPaths = (
				"$(DERIVED_FILE_DIR)/Pods-ChuckNorrisApp-checkManifestLockResult.txt",
			);
			runOnlyForDeploymentPostprocessing = 0;
			shellPath = /bin/sh;
			shellScript = "diff \"${PODS_PODFILE_DIR_PATH}/Podfile.lock\" \"${PODS_ROOT}/Manifest.lock\" > /dev/null\nif [ $? != 0 ] ; then\n    # print error to STDERR\n    echo \"error: The sandbox is not in sync with the Podfile.lock. Run 'pod install' or update your CocoaPods installation.\" >&2\n    exit 1\nfi\n# This output is used by Xcode 'outputs' to avoid re-running this script phase.\necho \"SUCCESS\" > \"${SCRIPT_OUTPUT_FILE_0}\"\n";
			showEnvVarsInLog = 0;
		};
/* End PBXShellScriptBuildPhase section */

/* Begin PBXSourcesBuildPhase section */
		987317822835827D004BD042 /* Sources */ = {
			isa = PBXSourcesBuildPhase;
			buildActionMask = 2147483647;
			files = (
				98C9EF00283596D800FF9BC9 /* SettingsView.swift in Sources */,
				987317B728358493004BD042 /* SearchView.swift in Sources */,
				9873178C2835827E004BD042 /* ContentView.swift in Sources */,
				987317B92835849E004BD042 /* RandomFactView.swift in Sources */,
				B1EDD070283D840A008463E9 /* SearchJokesModel.swift in Sources */,
				B1EDD073283D85A0008463E9 /* ApiService.swift in Sources */,
				5ABFEE7A284575DF0041AEC7 /* RandomModel.swift in Sources */,
				9873178A2835827E004BD042 /* ChuckNorrisAppApp.swift in Sources */,
				B1602067283C71D200507ACD /* ChuckNorrisApi.swift in Sources */,
				98C9EEFC2835906100FF9BC9 /* CategoriesView.swift in Sources */,
			);
			runOnlyForDeploymentPostprocessing = 0;
		};
		9873179228358280004BD042 /* Sources */ = {
			isa = PBXSourcesBuildPhase;
			buildActionMask = 2147483647;
			files = (
				9873179B28358280004BD042 /* ChuckNorrisAppTests.swift in Sources */,
			);
			runOnlyForDeploymentPostprocessing = 0;
		};
		9873179C28358280004BD042 /* Sources */ = {
			isa = PBXSourcesBuildPhase;
			buildActionMask = 2147483647;
			files = (
				987317A728358280004BD042 /* ChuckNorrisAppUITestsLaunchTests.swift in Sources */,
				987317A528358280004BD042 /* ChuckNorrisAppUITests.swift in Sources */,
			);
			runOnlyForDeploymentPostprocessing = 0;
		};
/* End PBXSourcesBuildPhase section */

/* Begin PBXTargetDependency section */
		9873179828358280004BD042 /* PBXTargetDependency */ = {
			isa = PBXTargetDependency;
			target = 987317852835827D004BD042 /* ChuckNorrisApp */;
			targetProxy = 9873179728358280004BD042 /* PBXContainerItemProxy */;
		};
		987317A228358280004BD042 /* PBXTargetDependency */ = {
			isa = PBXTargetDependency;
			target = 987317852835827D004BD042 /* ChuckNorrisApp */;
			targetProxy = 987317A128358280004BD042 /* PBXContainerItemProxy */;
		};
/* End PBXTargetDependency section */

/* Begin XCBuildConfiguration section */
		987317A828358280004BD042 /* Debug */ = {
			isa = XCBuildConfiguration;
			buildSettings = {
				ALWAYS_SEARCH_USER_PATHS = NO;
				CLANG_ANALYZER_NONNULL = YES;
				CLANG_ANALYZER_NUMBER_OBJECT_CONVERSION = YES_AGGRESSIVE;
				CLANG_CXX_LANGUAGE_STANDARD = "gnu++17";
				CLANG_ENABLE_MODULES = YES;
				CLANG_ENABLE_OBJC_ARC = YES;
				CLANG_ENABLE_OBJC_WEAK = YES;
				CLANG_WARN_BLOCK_CAPTURE_AUTORELEASING = YES;
				CLANG_WARN_BOOL_CONVERSION = YES;
				CLANG_WARN_COMMA = YES;
				CLANG_WARN_CONSTANT_CONVERSION = YES;
				CLANG_WARN_DEPRECATED_OBJC_IMPLEMENTATIONS = YES;
				CLANG_WARN_DIRECT_OBJC_ISA_USAGE = YES_ERROR;
				CLANG_WARN_DOCUMENTATION_COMMENTS = YES;
				CLANG_WARN_EMPTY_BODY = YES;
				CLANG_WARN_ENUM_CONVERSION = YES;
				CLANG_WARN_INFINITE_RECURSION = YES;
				CLANG_WARN_INT_CONVERSION = YES;
				CLANG_WARN_NON_LITERAL_NULL_CONVERSION = YES;
				CLANG_WARN_OBJC_IMPLICIT_RETAIN_SELF = YES;
				CLANG_WARN_OBJC_LITERAL_CONVERSION = YES;
				CLANG_WARN_OBJC_ROOT_CLASS = YES_ERROR;
				CLANG_WARN_QUOTED_INCLUDE_IN_FRAMEWORK_HEADER = YES;
				CLANG_WARN_RANGE_LOOP_ANALYSIS = YES;
				CLANG_WARN_STRICT_PROTOTYPES = YES;
				CLANG_WARN_SUSPICIOUS_MOVE = YES;
				CLANG_WARN_UNGUARDED_AVAILABILITY = YES_AGGRESSIVE;
				CLANG_WARN_UNREACHABLE_CODE = YES;
				CLANG_WARN__DUPLICATE_METHOD_MATCH = YES;
				COPY_PHASE_STRIP = NO;
				DEBUG_INFORMATION_FORMAT = dwarf;
				ENABLE_STRICT_OBJC_MSGSEND = YES;
				ENABLE_TESTABILITY = YES;
				GCC_C_LANGUAGE_STANDARD = gnu11;
				GCC_DYNAMIC_NO_PIC = NO;
				GCC_NO_COMMON_BLOCKS = YES;
				GCC_OPTIMIZATION_LEVEL = 0;
				GCC_PREPROCESSOR_DEFINITIONS = (
					"DEBUG=1",
					"$(inherited)",
				);
				GCC_WARN_64_TO_32_BIT_CONVERSION = YES;
				GCC_WARN_ABOUT_RETURN_TYPE = YES_ERROR;
				GCC_WARN_UNDECLARED_SELECTOR = YES;
				GCC_WARN_UNINITIALIZED_AUTOS = YES_AGGRESSIVE;
				GCC_WARN_UNUSED_FUNCTION = YES;
				GCC_WARN_UNUSED_VARIABLE = YES;
				IPHONEOS_DEPLOYMENT_TARGET = 15.0;
				MTL_ENABLE_DEBUG_INFO = INCLUDE_SOURCE;
				MTL_FAST_MATH = YES;
				ONLY_ACTIVE_ARCH = YES;
				SDKROOT = iphoneos;
				SWIFT_ACTIVE_COMPILATION_CONDITIONS = DEBUG;
				SWIFT_OPTIMIZATION_LEVEL = "-Onone";
			};
			name = Debug;
		};
		987317A928358280004BD042 /* Release */ = {
			isa = XCBuildConfiguration;
			buildSettings = {
				ALWAYS_SEARCH_USER_PATHS = NO;
				CLANG_ANALYZER_NONNULL = YES;
				CLANG_ANALYZER_NUMBER_OBJECT_CONVERSION = YES_AGGRESSIVE;
				CLANG_CXX_LANGUAGE_STANDARD = "gnu++17";
				CLANG_ENABLE_MODULES = YES;
				CLANG_ENABLE_OBJC_ARC = YES;
				CLANG_ENABLE_OBJC_WEAK = YES;
				CLANG_WARN_BLOCK_CAPTURE_AUTORELEASING = YES;
				CLANG_WARN_BOOL_CONVERSION = YES;
				CLANG_WARN_COMMA = YES;
				CLANG_WARN_CONSTANT_CONVERSION = YES;
				CLANG_WARN_DEPRECATED_OBJC_IMPLEMENTATIONS = YES;
				CLANG_WARN_DIRECT_OBJC_ISA_USAGE = YES_ERROR;
				CLANG_WARN_DOCUMENTATION_COMMENTS = YES;
				CLANG_WARN_EMPTY_BODY = YES;
				CLANG_WARN_ENUM_CONVERSION = YES;
				CLANG_WARN_INFINITE_RECURSION = YES;
				CLANG_WARN_INT_CONVERSION = YES;
				CLANG_WARN_NON_LITERAL_NULL_CONVERSION = YES;
				CLANG_WARN_OBJC_IMPLICIT_RETAIN_SELF = YES;
				CLANG_WARN_OBJC_LITERAL_CONVERSION = YES;
				CLANG_WARN_OBJC_ROOT_CLASS = YES_ERROR;
				CLANG_WARN_QUOTED_INCLUDE_IN_FRAMEWORK_HEADER = YES;
				CLANG_WARN_RANGE_LOOP_ANALYSIS = YES;
				CLANG_WARN_STRICT_PROTOTYPES = YES;
				CLANG_WARN_SUSPICIOUS_MOVE = YES;
				CLANG_WARN_UNGUARDED_AVAILABILITY = YES_AGGRESSIVE;
				CLANG_WARN_UNREACHABLE_CODE = YES;
				CLANG_WARN__DUPLICATE_METHOD_MATCH = YES;
				COPY_PHASE_STRIP = NO;
				DEBUG_INFORMATION_FORMAT = "dwarf-with-dsym";
				ENABLE_NS_ASSERTIONS = NO;
				ENABLE_STRICT_OBJC_MSGSEND = YES;
				GCC_C_LANGUAGE_STANDARD = gnu11;
				GCC_NO_COMMON_BLOCKS = YES;
				GCC_WARN_64_TO_32_BIT_CONVERSION = YES;
				GCC_WARN_ABOUT_RETURN_TYPE = YES_ERROR;
				GCC_WARN_UNDECLARED_SELECTOR = YES;
				GCC_WARN_UNINITIALIZED_AUTOS = YES_AGGRESSIVE;
				GCC_WARN_UNUSED_FUNCTION = YES;
				GCC_WARN_UNUSED_VARIABLE = YES;
				IPHONEOS_DEPLOYMENT_TARGET = 15.0;
				MTL_ENABLE_DEBUG_INFO = NO;
				MTL_FAST_MATH = YES;
				SDKROOT = iphoneos;
				SWIFT_COMPILATION_MODE = wholemodule;
				SWIFT_OPTIMIZATION_LEVEL = "-O";
				VALIDATE_PRODUCT = YES;
			};
			name = Release;
		};
		987317AB28358280004BD042 /* Debug */ = {
			isa = XCBuildConfiguration;
			baseConfigurationReference = 159303796CB63228E35E0288 /* Pods-ChuckNorrisApp.debug.xcconfig */;
			buildSettings = {
				ASSETCATALOG_COMPILER_APPICON_NAME = AppIcon;
				ASSETCATALOG_COMPILER_GLOBAL_ACCENT_COLOR_NAME = AccentColor;
				CODE_SIGN_STYLE = Automatic;
				CURRENT_PROJECT_VERSION = 1;
				DEVELOPMENT_ASSET_PATHS = "\"ChuckNorrisApp/Preview Content\"";
				ENABLE_PREVIEWS = YES;
				GENERATE_INFOPLIST_FILE = YES;
				INFOPLIST_KEY_UIApplicationSceneManifest_Generation = YES;
				INFOPLIST_KEY_UIApplicationSupportsIndirectInputEvents = YES;
				INFOPLIST_KEY_UILaunchScreen_Generation = YES;
				INFOPLIST_KEY_UISupportedInterfaceOrientations_iPad = "UIInterfaceOrientationPortrait UIInterfaceOrientationPortraitUpsideDown UIInterfaceOrientationLandscapeLeft UIInterfaceOrientationLandscapeRight";
				INFOPLIST_KEY_UISupportedInterfaceOrientations_iPhone = "UIInterfaceOrientationPortrait UIInterfaceOrientationLandscapeLeft UIInterfaceOrientationLandscapeRight";
				LD_RUNPATH_SEARCH_PATHS = (
					"$(inherited)",
					"@executable_path/Frameworks",
				);
				MARKETING_VERSION = 1.0;
				PRODUCT_BUNDLE_IDENTIFIER = com.devpass.ChuckNorrisApp;
				PRODUCT_NAME = "$(TARGET_NAME)";
				SWIFT_EMIT_LOC_STRINGS = YES;
				SWIFT_VERSION = 5.0;
				TARGETED_DEVICE_FAMILY = "1,2";
			};
			name = Debug;
		};
		987317AC28358280004BD042 /* Release */ = {
			isa = XCBuildConfiguration;
			baseConfigurationReference = FFD3FE993E98CEDEAD7F0969 /* Pods-ChuckNorrisApp.release.xcconfig */;
			buildSettings = {
				ASSETCATALOG_COMPILER_APPICON_NAME = AppIcon;
				ASSETCATALOG_COMPILER_GLOBAL_ACCENT_COLOR_NAME = AccentColor;
				CODE_SIGN_STYLE = Automatic;
				CURRENT_PROJECT_VERSION = 1;
				DEVELOPMENT_ASSET_PATHS = "\"ChuckNorrisApp/Preview Content\"";
				ENABLE_PREVIEWS = YES;
				GENERATE_INFOPLIST_FILE = YES;
				INFOPLIST_KEY_UIApplicationSceneManifest_Generation = YES;
				INFOPLIST_KEY_UIApplicationSupportsIndirectInputEvents = YES;
				INFOPLIST_KEY_UILaunchScreen_Generation = YES;
				INFOPLIST_KEY_UISupportedInterfaceOrientations_iPad = "UIInterfaceOrientationPortrait UIInterfaceOrientationPortraitUpsideDown UIInterfaceOrientationLandscapeLeft UIInterfaceOrientationLandscapeRight";
				INFOPLIST_KEY_UISupportedInterfaceOrientations_iPhone = "UIInterfaceOrientationPortrait UIInterfaceOrientationLandscapeLeft UIInterfaceOrientationLandscapeRight";
				LD_RUNPATH_SEARCH_PATHS = (
					"$(inherited)",
					"@executable_path/Frameworks",
				);
				MARKETING_VERSION = 1.0;
				PRODUCT_BUNDLE_IDENTIFIER = com.devpass.ChuckNorrisApp;
				PRODUCT_NAME = "$(TARGET_NAME)";
				SWIFT_EMIT_LOC_STRINGS = YES;
				SWIFT_VERSION = 5.0;
				TARGETED_DEVICE_FAMILY = "1,2";
			};
			name = Release;
		};
		987317AE28358280004BD042 /* Debug */ = {
			isa = XCBuildConfiguration;
			baseConfigurationReference = 96BDC4E5CE27D63F98076A44 /* Pods-ChuckNorrisAppTests.debug.xcconfig */;
			buildSettings = {
				ALWAYS_EMBED_SWIFT_STANDARD_LIBRARIES = YES;
				BUNDLE_LOADER = "$(TEST_HOST)";
				CODE_SIGN_STYLE = Automatic;
				CURRENT_PROJECT_VERSION = 1;
				GENERATE_INFOPLIST_FILE = YES;
				IPHONEOS_DEPLOYMENT_TARGET = 15.5;
				MARKETING_VERSION = 1.0;
				PRODUCT_BUNDLE_IDENTIFIER = com.devpass.ChuckNorrisAppTests;
				PRODUCT_NAME = "$(TARGET_NAME)";
				SWIFT_EMIT_LOC_STRINGS = NO;
				SWIFT_VERSION = 5.0;
				TARGETED_DEVICE_FAMILY = "1,2";
				TEST_HOST = "$(BUILT_PRODUCTS_DIR)/ChuckNorrisApp.app/ChuckNorrisApp";
			};
			name = Debug;
		};
		987317AF28358280004BD042 /* Release */ = {
			isa = XCBuildConfiguration;
			baseConfigurationReference = D893D083FA82992119D9F7CE /* Pods-ChuckNorrisAppTests.release.xcconfig */;
			buildSettings = {
				ALWAYS_EMBED_SWIFT_STANDARD_LIBRARIES = YES;
				BUNDLE_LOADER = "$(TEST_HOST)";
				CODE_SIGN_STYLE = Automatic;
				CURRENT_PROJECT_VERSION = 1;
				GENERATE_INFOPLIST_FILE = YES;
				IPHONEOS_DEPLOYMENT_TARGET = 15.5;
				MARKETING_VERSION = 1.0;
				PRODUCT_BUNDLE_IDENTIFIER = com.devpass.ChuckNorrisAppTests;
				PRODUCT_NAME = "$(TARGET_NAME)";
				SWIFT_EMIT_LOC_STRINGS = NO;
				SWIFT_VERSION = 5.0;
				TARGETED_DEVICE_FAMILY = "1,2";
				TEST_HOST = "$(BUILT_PRODUCTS_DIR)/ChuckNorrisApp.app/ChuckNorrisApp";
			};
			name = Release;
		};
		987317B128358280004BD042 /* Debug */ = {
			isa = XCBuildConfiguration;
			baseConfigurationReference = 4DEF8DA1855459974E2BE670 /* Pods-ChuckNorrisApp-ChuckNorrisAppUITests.debug.xcconfig */;
			buildSettings = {
				ALWAYS_EMBED_SWIFT_STANDARD_LIBRARIES = YES;
				CODE_SIGN_STYLE = Automatic;
				CURRENT_PROJECT_VERSION = 1;
				GENERATE_INFOPLIST_FILE = YES;
				MARKETING_VERSION = 1.0;
				PRODUCT_BUNDLE_IDENTIFIER = com.devpass.ChuckNorrisAppUITests;
				PRODUCT_NAME = "$(TARGET_NAME)";
				SWIFT_EMIT_LOC_STRINGS = NO;
				SWIFT_VERSION = 5.0;
				TARGETED_DEVICE_FAMILY = "1,2";
				TEST_TARGET_NAME = ChuckNorrisApp;
			};
			name = Debug;
		};
		987317B228358280004BD042 /* Release */ = {
			isa = XCBuildConfiguration;
			baseConfigurationReference = B18FEDF2B271B1F8AE4D25B8 /* Pods-ChuckNorrisApp-ChuckNorrisAppUITests.release.xcconfig */;
			buildSettings = {
				ALWAYS_EMBED_SWIFT_STANDARD_LIBRARIES = YES;
				CODE_SIGN_STYLE = Automatic;
				CURRENT_PROJECT_VERSION = 1;
				GENERATE_INFOPLIST_FILE = YES;
				MARKETING_VERSION = 1.0;
				PRODUCT_BUNDLE_IDENTIFIER = com.devpass.ChuckNorrisAppUITests;
				PRODUCT_NAME = "$(TARGET_NAME)";
				SWIFT_EMIT_LOC_STRINGS = NO;
				SWIFT_VERSION = 5.0;
				TARGETED_DEVICE_FAMILY = "1,2";
				TEST_TARGET_NAME = ChuckNorrisApp;
			};
			name = Release;
		};
/* End XCBuildConfiguration section */

/* Begin XCConfigurationList section */
		987317812835827D004BD042 /* Build configuration list for PBXProject "ChuckNorrisApp" */ = {
			isa = XCConfigurationList;
			buildConfigurations = (
				987317A828358280004BD042 /* Debug */,
				987317A928358280004BD042 /* Release */,
			);
			defaultConfigurationIsVisible = 0;
			defaultConfigurationName = Release;
		};
		987317AA28358280004BD042 /* Build configuration list for PBXNativeTarget "ChuckNorrisApp" */ = {
			isa = XCConfigurationList;
			buildConfigurations = (
				987317AB28358280004BD042 /* Debug */,
				987317AC28358280004BD042 /* Release */,
			);
			defaultConfigurationIsVisible = 0;
			defaultConfigurationName = Release;
		};
		987317AD28358280004BD042 /* Build configuration list for PBXNativeTarget "ChuckNorrisAppTests" */ = {
			isa = XCConfigurationList;
			buildConfigurations = (
				987317AE28358280004BD042 /* Debug */,
				987317AF28358280004BD042 /* Release */,
			);
			defaultConfigurationIsVisible = 0;
			defaultConfigurationName = Release;
		};
		987317B028358280004BD042 /* Build configuration list for PBXNativeTarget "ChuckNorrisAppUITests" */ = {
			isa = XCConfigurationList;
			buildConfigurations = (
				987317B128358280004BD042 /* Debug */,
				987317B228358280004BD042 /* Release */,
			);
			defaultConfigurationIsVisible = 0;
			defaultConfigurationName = Release;
		};
/* End XCConfigurationList section */
	};
	rootObject = 9873177E2835827D004BD042 /* Project object */;
}
